
Microsoft Visual Studio Solution File, Format Version 12.00
# Visual Studio Version 17
VisualStudioVersion = 17.4.33213.308
MinimumVisualStudioVersion = 10.0.40219.1
Project("{FAE04EC0-301F-11D3-BF4B-00C04F79EFBC}") = "Test", "Test.csproj", "{DA8D3201-6362-4F15-B596-02DC15FE5771}"
EndProject
Global
	GlobalSection(SolutionConfigurationPlatforms) = preSolution
		Debug|Any CPU = Debug|Any CPU
		Release|Any CPU = Release|Any CPU
	EndGlobalSection
	GlobalSection(ProjectConfigurationPlatforms) = postSolution
		{DA8D3201-6362-4F15-B596-02DC15FE5771}.Debug|Any CPU.ActiveCfg = Debug|Any CPU
		{DA8D3201-6362-4F15-B596-02DC15FE5771}.Debug|Any CPU.Build.0 = Debug|Any CPU
		{DA8D3201-6362-4F15-B596-02DC15FE5771}.Release|Any CPU.ActiveCfg = Release|Any CPU
		{DA8D3201-6362-4F15-B596-02DC15FE5771}.Release|Any CPU.Build.0 = Release|Any CPU
	EndGlobalSection
	GlobalSection(SolutionProperties) = preSolution
		HideSolutionNode = FALSE
	EndGlobalSection
	GlobalSection(ExtensibilityGlobals) = postSolution
		SolutionGuid = {21910697-D5FB-4A1D-814E-D7C3A8C780A2}
	EndGlobalSection
EndGlobal
